{
  "name": "TS",
  "lockfileVersion": 2,
  "requires": true,
  "packages": {
    "": {
      "dependencies": {
        "openmeteo": "^1.1.3"
      },
      "devDependencies": {
        "typescript": "^5.3.3"
      }
    },
    "node_modules/@openmeteo/sdk": {
      "version": "1.7.0",
      "resolved": "https://registry.npmjs.org/@openmeteo/sdk/-/sdk-1.7.0.tgz",
      "integrity": "sha512-12LNtTy2AAWctMdwTS7pl1kKkFzhMleqWk4blcjhIP3E0D8r98aLr+3BvPxLo9FiRyC4FS4H3XgvL6qQ6h5yUg==",
      "dependencies": {
        "flatbuffers": "^23.0.0"
      },
      "engines": {
        "node": ">=12.0"
      }
    },
    "node_modules/flatbuffers": {
      "version": "23.5.26",
      "resolved": "https://registry.npmjs.org/flatbuffers/-/flatbuffers-23.5.26.tgz",
      "integrity": "sha512-vE+SI9vrJDwi1oETtTIFldC/o9GsVKRM+s6EL0nQgxXlYV1Vc4Tk30hj4xGICftInKQKj1F3up2n8UbIVobISQ=="
    },
    "node_modules/openmeteo": {
      "version": "1.1.3",
      "resolved": "https://registry.npmjs.org/openmeteo/-/openmeteo-1.1.3.tgz",
      "integrity": "sha512-f4ycmEA9rnhH4mPkDSLAuZ9dCu33nZ2bP7pLUJmZp2YYAuIDrGDIWU/VXQPmG48l5s+vw0VcnH9+CMqL57oADQ==",
      "dependencies": {
        "@openmeteo/sdk": "^1.4.0",
        "flatbuffers": "^23.5.26"
      },
      "engines": {
        "node": ">=12.0"
      }
    },
    "node_modules/typescript": {
      "version": "5.3.3",
      "resolved": "https://registry.npmjs.org/typescript/-/typescript-5.3.3.tgz",
      "integrity": "sha512-pXWcraxM0uxAS+tN0AG/BF2TyqmHO014Z070UsJ+pFvYuRSq8KH8DmWpnbXe0pEPDHXZV3FcAbJkijJ5oNEnWw==",
      "dev": true,
      "bin": {
        "tsc": "bin/tsc",
        "tsserver": "bin/tsserver"
      },
      "engines": {
        "node": ">=14.17"
      }
    }
  },
  "dependencies": {
    "@openmeteo/sdk": {
      "version": "1.7.0",
      "resolved": "https://registry.npmjs.org/@openmeteo/sdk/-/sdk-1.7.0.tgz",
      "integrity": "sha512-12LNtTy2AAWctMdwTS7pl1kKkFzhMleqWk4blcjhIP3E0D8r98aLr+3BvPxLo9FiRyC4FS4H3XgvL6qQ6h5yUg==",
      "requires": {
        "flatbuffers": "^23.0.0"
      }
    },
    "flatbuffers": {
      "version": "23.5.26",
      "resolved": "https://registry.npmjs.org/flatbuffers/-/flatbuffers-23.5.26.tgz",
      "integrity": "sha512-vE+SI9vrJDwi1oETtTIFldC/o9GsVKRM+s6EL0nQgxXlYV1Vc4Tk30hj4xGICftInKQKj1F3up2n8UbIVobISQ=="
    },
    "openmeteo": {
      "version": "1.1.3",
      "resolved": "https://registry.npmjs.org/openmeteo/-/openmeteo-1.1.3.tgz",
      "integrity": "sha512-f4ycmEA9rnhH4mPkDSLAuZ9dCu33nZ2bP7pLUJmZp2YYAuIDrGDIWU/VXQPmG48l5s+vw0VcnH9+CMqL57oADQ==",
      "requires": {
        "@openmeteo/sdk": "^1.4.0",
        "flatbuffers": "^23.5.26"
      }
    },
    "typescript": {
      "version": "5.3.3",
      "resolved": "https://registry.npmjs.org/typescript/-/typescript-5.3.3.tgz",
      "integrity": "sha512-pXWcraxM0uxAS+tN0AG/BF2TyqmHO014Z070UsJ+pFvYuRSq8KH8DmWpnbXe0pEPDHXZV3FcAbJkijJ5oNEnWw==",
      "dev": true
    }
  }
}
